Microsoft Visual Studio Solution File, Format Version 11.00
# Visual Studio 2008

Project("{BAA4CADC-2FBB-59ED-D804-AA6EBE176A2A}") = "infinite-scroll", "Assembly-CSharp-firstpass.csproj", "{CF8E96CF-2670-258E-46B3-BC31A12E02EF}"
EndProject
Project("{BAA4CADC-2FBB-59ED-D804-AA6EBE176A2A}") = "infinite-scroll", "Assembly-CSharp.csproj", "{BD01B26A-550A-95EF-0143-BC695A48AD67}"
EndProject
Project("{BAA4CADC-2FBB-59ED-D804-AA6EBE176A2A}") = "infinite-scroll", "Assembly-UnityScript-firstpass.unityproj", "{F11180F2-7120-1C2E-DC36-D9D2E2BE456A}"
EndProject
Global
	GlobalSection(SolutionConfigurationPlatforms) = preSolution
		Debug|Any CPU = Debug|Any CPU
		Release|Any CPU = Release|Any CPU
	EndGlobalSection
	GlobalSection(ProjectConfigurationPlatforms) = postSolution
		{CF8E96CF-2670-258E-46B3-BC31A12E02EF}.Debug|Any CPU.ActiveCfg = Debug|Any CPU
		{CF8E96CF-2670-258E-46B3-BC31A12E02EF}.Debug|Any CPU.Build.0 = Debug|Any CPU
		{CF8E96CF-2670-258E-46B3-BC31A12E02EF}.Release|Any CPU.ActiveCfg = Release|Any CPU
		{CF8E96CF-2670-258E-46B3-BC31A12E02EF}.Release|Any CPU.Build.0 = Release|Any CPU
		{BD01B26A-550A-95EF-0143-BC695A48AD67}.Debug|Any CPU.ActiveCfg = Debug|Any CPU
		{BD01B26A-550A-95EF-0143-BC695A48AD67}.Debug|Any CPU.Build.0 = Debug|Any CPU
		{BD01B26A-550A-95EF-0143-BC695A48AD67}.Release|Any CPU.ActiveCfg = Release|Any CPU
		{BD01B26A-550A-95EF-0143-BC695A48AD67}.Release|Any CPU.Build.0 = Release|Any CPU
		{F11180F2-7120-1C2E-DC36-D9D2E2BE456A}.Debug|Any CPU.ActiveCfg = Debug|Any CPU
		{F11180F2-7120-1C2E-DC36-D9D2E2BE456A}.Debug|Any CPU.Build.0 = Debug|Any CPU
		{F11180F2-7120-1C2E-DC36-D9D2E2BE456A}.Release|Any CPU.ActiveCfg = Release|Any CPU
		{F11180F2-7120-1C2E-DC36-D9D2E2BE456A}.Release|Any CPU.Build.0 = Release|Any CPU
	EndGlobalSection
	GlobalSection(SolutionProperties) = preSolution
		HideSolutionNode = FALSE
	EndGlobalSection
						GlobalSection(MonoDevelopProperties) = preSolution
		StartupItem = Assembly-CSharp.csproj
		Policies = $0
		$0.TextStylePolicy = $1
		$1.inheritsSet = null
		$1.scope = text/x-csharp
		$0.CSharpFormattingPolicy = $2
		$2.inheritsSet = Mono
		$2.inheritsScope = text/x-csharp
		$2.scope = text/x-csharp
		$0.TextStylePolicy = $3
		$3.FileWidth = 120
		$3.TabWidth = 4
		$3.EolMarker = Unix
		$3.inheritsSet = Mono
		$3.inheritsScope = text/plain
		$3.scope = text/plain
	EndGlobalSection

EndGlobal
